
Microsoft Visual Studio Solution File, Format Version 12.00
# Visual Studio Version 16
VisualStudioVersion = 25.0.1703.2
MinimumVisualStudioVersion = 10.0.40219.1
Project("{FAE04EC0-301F-11D3-BF4B-00C04F79EFBC}") = "xssAgent", "xssAgent\xssAgent.csproj", "{D082BDA7-FAA4-4AB8-8E1D-B96B0A6ACD6D}"
EndProject
Global
	GlobalSection(SolutionConfigurationPlatforms) = preSolution
		Debug|Any CPU = Debug|Any CPU
		Release|Any CPU = Release|Any CPU
	EndGlobalSection
	GlobalSection(ProjectConfigurationPlatforms) = postSolution
		{D082BDA7-FAA4-4AB8-8E1D-B96B0A6ACD6D}.Debug|Any CPU.ActiveCfg = Debug|Any CPU
		{D082BDA7-FAA4-4AB8-8E1D-B96B0A6ACD6D}.Debug|Any CPU.Build.0 = Debug|Any CPU
		{D082BDA7-FAA4-4AB8-8E1D-B96B0A6ACD6D}.Release|Any CPU.ActiveCfg = Release|Any CPU
		{D082BDA7-FAA4-4AB8-8E1D-B96B0A6ACD6D}.Release|Any CPU.Build.0 = Release|Any CPU
	EndGlobalSection
	GlobalSection(SolutionProperties) = preSolution
		HideSolutionNode = FALSE
	EndGlobalSection
	GlobalSection(ExtensibilityGlobals) = postSolution
		SolutionGuid = {452FA2D7-C707-459E-9ADD-1DE328CB2F7A}
	EndGlobalSection
EndGlobal
